# THIS IS AN AUTOGENERATED FILE. DO NOT EDIT THIS FILE DIRECTLY.
# yarn lockfile v1


"@babel/runtime@^7.5.5", "@babel/runtime@^7.9.2":
  version "7.12.5"
  resolved "https://registry.yarnpkg.com/@babel/runtime/-/runtime-7.12.5.tgz#410e7e487441e1b360c29be715d870d9b985882e"
  integrity sha512-plcc+hbExy3McchJCEQG3knOsuh3HH+Prx1P6cLIkET/0dLuQDEnrT+s27Axgc9bqfsmNUNHfscgMUdBpC9xfg==
  dependencies:
    regenerator-runtime "^0.13.4"

"@types/video.js@^7.3.11":
  version "7.3.11"
  resolved "https://registry.yarnpkg.com/@types/video.js/-/video.js-7.3.11.tgz#b1749fcc733c608ede4d10c9a570ebafc4ec2486"
  integrity sha512-9KpJkt6zsy6xRiHZjzjKxCEySqt3TgPgl0XegszwJfaLO4+n4rELS5rbsHUgLJxZaMgbJtyTPXk1HkCsJ5kRiA==

"@videojs/http-streaming@2.2.4":
  version "2.2.4"
  resolved "https://registry.yarnpkg.com/@videojs/http-streaming/-/http-streaming-2.2.4.tgz#c71bb63dbc4749e35193c4c334430bd8ce728ec0"
  integrity sha512-gzT46RpAEegOhMId/zZ6uXCVGDMPOv8qmoTykBuvd6/4lVM3lZ1ZJCq0kytAkisDuDKipy93gP46oZEtonlc/Q==
  dependencies:
    "@babel/runtime" "^7.5.5"
    "@videojs/vhs-utils" "^2.2.1"
    aes-decrypter "3.1.0"
    global "^4.3.2"
    m3u8-parser "4.5.0"
    mpd-parser "0.14.0"
    mux.js "5.6.7"
    video.js "^6 || ^7"

"@videojs/vhs-utils@^2.2.1":
  version "2.3.0"
  resolved "https://registry.yarnpkg.com/@videojs/vhs-utils/-/vhs-utils-2.3.0.tgz#490a3a00dfc1b51d85d5dcf8f8361e2d4c4d1440"
  integrity sha512-ThSmm91S7tuIJ757ON50K4y7S/bvKN4+B0tu303gCOxaG57PoP1UvPfMQZ90XGhxwNgngexVojOqbBHhTvXVHQ==
  dependencies:
    "@babel/runtime" "^7.5.5"
    global "^4.3.2"
    url-toolkit "^2.1.6"

"@videojs/xhr@2.5.1":
  version "2.5.1"
  resolved "https://registry.yarnpkg.com/@videojs/xhr/-/xhr-2.5.1.tgz#26bc5a79dbb3b03bfb13742c6ce559f89e90719e"
  integrity sha512-wV9nGESHseSK+S9ePEru2+OJZ1jq/ZbbzniGQ4weAmTIepuBMSYPx5zrxxQA0E786T5ykpO8ts+LayV+3/oI2w==
  dependencies:
    "@babel/runtime" "^7.5.5"
    global "~4.4.0"
    is-function "^1.0.1"

aes-decrypter@3.1.0:
  version "3.1.0"
  resolved "https://registry.yarnpkg.com/aes-decrypter/-/aes-decrypter-3.1.0.tgz#fc0b1d703f97a64aa3f7b13528f4661971db68c4"
  integrity sha512-wL1NFwP2yNrJG4InpXYFhhYe9TfonnDyhyxMq2+K9/qt+SrZzUieOpviN6pkDly7GawTqw5feehk0rn5iYo00g==
  dependencies:
    "@babel/runtime" "^7.5.5"
    "@videojs/vhs-utils" "^2.2.1"
    global "^4.3.2"
    pkcs7 "^1.0.4"

dom-walk@^0.1.0:
  version "0.1.2"
  resolved "https://registry.yarnpkg.com/dom-walk/-/dom-walk-0.1.2.tgz#0c548bef048f4d1f2a97249002236060daa3fd84"
  integrity sha512-6QvTW9mrGeIegrFXdtQi9pk7O/nSK6lSdXW2eqUspN5LWD7UTji2Fqw5V2YLjBpHEoU9Xl/eUWNpDeZvoyOv2w==

global@4.3.2:
  version "4.3.2"
  resolved "https://registry.yarnpkg.com/global/-/global-4.3.2.tgz#e76989268a6c74c38908b1305b10fc0e394e9d0f"
  integrity sha1-52mJJopsdMOJCLEwWxD8DjlOnQ8=
  dependencies:
    min-document "^2.19.0"
    process "~0.5.1"

global@^4.3.1, global@^4.3.2, global@~4.4.0:
  version "4.4.0"
  resolved "https://registry.yarnpkg.com/global/-/global-4.4.0.tgz#3e7b105179006a323ed71aafca3e9c57a5cc6406"
  integrity sha512-wv/LAoHdRE3BeTGz53FAamhGlPLhlssK45usmGFThIi4XqnBmjKQ16u+RNbP7WvigRZDxUsM0J3gcQ5yicaL0w==
  dependencies:
    min-document "^2.19.0"
    process "^0.11.10"

individual@^2.0.0:
  version "2.0.0"
  resolved "https://registry.yarnpkg.com/individual/-/individual-2.0.0.tgz#833b097dad23294e76117a98fb38e0d9ad61bb97"
  integrity sha1-gzsJfa0jKU52EXqY+zjg2a1hu5c=

is-function@^1.0.1:
  version "1.0.2"
  resolved "https://registry.yarnpkg.com/is-function/-/is-function-1.0.2.tgz#4f097f30abf6efadac9833b17ca5dc03f8144e08"
  integrity sha512-lw7DUp0aWXYg+CBCN+JKkcE0Q2RayZnSvnZBlwgxHBQhqt5pZNVy4Ri7H9GmmXkdu7LUthszM+Tor1u/2iBcpQ==

keycode@^2.2.0:
  version "2.2.0"
  resolved "https://registry.yarnpkg.com/keycode/-/keycode-2.2.0.tgz#3d0af56dc7b8b8e5cba8d0a97f107204eec22b04"
  integrity sha1-PQr1bce4uOXLqNCpfxByBO7CKwQ=

m3u8-parser@4.5.0:
  version "4.5.0"
  resolved "https://registry.yarnpkg.com/m3u8-parser/-/m3u8-parser-4.5.0.tgz#9c30b32c9b69cc3f81b5e6789717fa84b9fdb9aa"
  integrity sha512-RGm/1WVCX3o1bSWbJGmJUu4zTbtJy8lImtgHM4CESFvJRXYztr1j6SW/q9/ghYOrUjgH7radsIar+z1Leln0sA==
  dependencies:
    "@babel/runtime" "^7.5.5"
    "@videojs/vhs-utils" "^2.2.1"
    global "^4.3.2"

min-document@^2.19.0:
  version "2.19.0"
  resolved "https://registry.yarnpkg.com/min-document/-/min-document-2.19.0.tgz#7bd282e3f5842ed295bb748cdd9f1ffa2c824685"
  integrity sha1-e9KC4/WELtKVu3SM3Z8f+iyCRoU=
  dependencies:
    dom-walk "^0.1.0"

mpd-parser@0.14.0:
  version "0.14.0"
  resolved "https://registry.yarnpkg.com/mpd-parser/-/mpd-parser-0.14.0.tgz#f666a80c1e284e46c6f76f010fc4f5292a021148"
  integrity sha512-HqXQS3WLofcnYFcxv5oWdlciddUaEnN3NasXLVQ793mdnZRrinjz2Yk1DsUYPDYOUWf6ZBBqbFhaJT5LiT2ouA==
  dependencies:
    "@babel/runtime" "^7.5.5"
    "@videojs/vhs-utils" "^2.2.1"
    global "^4.3.2"
    xmldom "^0.1.27"

mux.js@5.6.7:
  version "5.6.7"
  resolved "https://registry.yarnpkg.com/mux.js/-/mux.js-5.6.7.tgz#d39fc85cded5a1257de9f6eeb5cf1578c4a63eb8"
  integrity sha512-YSr6B8MUgE4S18MptbY2XM+JKGbw9JDkgs7YkuE/T2fpDKjOhZfb/nD6vmsVxvLYOExWNaQn1UGBp6PGsnTtew==

pkcs7@^1.0.4:
  version "1.0.4"
  resolved "https://registry.yarnpkg.com/pkcs7/-/pkcs7-1.0.4.tgz#6090b9e71160dabf69209d719cbafa538b00a1cb"
  integrity sha512-afRERtHn54AlwaF2/+LFszyAANTCggGilmcmILUzEjvs3XgFZT+xE6+QWQcAGmu4xajy+Xtj7acLOPdx5/eXWQ==
  dependencies:
    "@babel/runtime" "^7.5.5"

process@^0.11.10:
  version "0.11.10"
  resolved "https://registry.yarnpkg.com/process/-/process-0.11.10.tgz#7332300e840161bda3e69a1d1d91a7d4bc16f182"
  integrity sha1-czIwDoQBYb2j5podHZGn1LwW8YI=

process@~0.5.1:
  version "0.5.2"
  resolved "https://registry.yarnpkg.com/process/-/process-0.5.2.tgz#1638d8a8e34c2f440a91db95ab9aeb677fc185cf"
  integrity sha1-FjjYqONML0QKkduVq5rrZ3/Bhc8=

regenerator-runtime@^0.13.4:
  version "0.13.7"
  resolved "https://registry.yarnpkg.com/regenerator-runtime/-/regenerator-runtime-0.13.7.tgz#cac2dacc8a1ea675feaabaeb8ae833898ae46f55"
  integrity sha512-a54FxoJDIr27pgf7IgeQGxmqUNYrcV338lf/6gH456HZ/PhX+5BcwHXG9ajESmwe6WRO0tAzRUrRmNONWgkrew==

rust-result@^1.0.0:
  version "1.0.0"
  resolved "https://registry.yarnpkg.com/rust-result/-/rust-result-1.0.0.tgz#34c75b2e6dc39fe5875e5bdec85b5e0f91536f72"
  integrity sha1-NMdbLm3Dn+WHXlveyFteD5FTb3I=
  dependencies:
    individual "^2.0.0"

safe-json-parse@4.0.0:
  version "4.0.0"
  resolved "https://registry.yarnpkg.com/safe-json-parse/-/safe-json-parse-4.0.0.tgz#7c0f578cfccd12d33a71c0e05413e2eca171eaac"
  integrity sha1-fA9XjPzNEtM6ccDgVBPi7KFx6qw=
  dependencies:
    rust-result "^1.0.0"

typescript@^4.1.3:
  version "4.1.3"
  resolved "https://registry.yarnpkg.com/typescript/-/typescript-4.1.3.tgz#519d582bd94cba0cf8934c7d8e8467e473f53bb7"
  integrity sha512-B3ZIOf1IKeH2ixgHhj6la6xdwR9QrLC5d1VKeCSY4tvkqhF2eqd9O7txNlS0PO3GrBAFIdr3L1ndNwteUbZLYg==

url-toolkit@^2.1.6:
  version "2.2.1"
  resolved "https://registry.yarnpkg.com/url-toolkit/-/url-toolkit-2.2.1.tgz#89009ed3d62a3574de079532a7266c14d2cc1c4f"
  integrity sha512-8+DzgrtDZYZGhHaAop5WGVghMdCfOLGbhcArsJD0qDll71FXa7EeKxi2hilPIscn2nwMz4PRjML32Sz4JTN0Xw==

"video.js@^6 || ^7", video.js@^7.10.2:
  version "7.10.2"
  resolved "https://registry.yarnpkg.com/video.js/-/video.js-7.10.2.tgz#5156aabad7820e726d72ea6c32324059c68885a4"
  integrity sha512-kJTTrqcQn2MhPzWR8zQs6W3HPJWpowO/ZGZcKt2dcJeJdJT0dEDLYtiFdjV37SylCmu66V0flRnV8cipbthveQ==
  dependencies:
    "@babel/runtime" "^7.9.2"
    "@videojs/http-streaming" "2.2.4"
    "@videojs/xhr" "2.5.1"
    global "4.3.2"
    keycode "^2.2.0"
    safe-json-parse "4.0.0"
    videojs-font "3.2.0"
    videojs-vtt.js "^0.15.2"

videojs-font@3.2.0:
  version "3.2.0"
  resolved "https://registry.yarnpkg.com/videojs-font/-/videojs-font-3.2.0.tgz#212c9d3f4e4ec3fa7345167d64316add35e92232"
  integrity sha512-g8vHMKK2/JGorSfqAZQUmYYNnXmfec4MLhwtEFS+mMs2IDY398GLysy6BH6K+aS1KMNu/xWZ8Sue/X/mdQPliA==

videojs-vtt.js@^0.15.2:
  version "0.15.2"
  resolved "https://registry.yarnpkg.com/videojs-vtt.js/-/videojs-vtt.js-0.15.2.tgz#a828c4ea0aac6303fa471fd69bc7586a5ba1a273"
  integrity sha512-kEo4hNMvu+6KhPvVYPKwESruwhHC3oFis133LwhXHO9U7nRnx0RiJYMiqbgwjgazDEXHR6t8oGJiHM6wq5XlAw==
  dependencies:
    global "^4.3.1"

xmldom@^0.1.27:
  version "0.1.31"
  resolved "https://registry.yarnpkg.com/xmldom/-/xmldom-0.1.31.tgz#b76c9a1bd9f0a9737e5a72dc37231cf38375e2ff"
  integrity sha512-yS2uJflVQs6n+CyjHoaBmVSqIDevTAWrzMmjG1Gc7h1qQ7uVozNhEPJAwZXWyGQ/Gafo3fCwrcaokezLPupVyQ==
