# THIS IS AN AUTOGENERATED FILE. DO NOT EDIT THIS FILE DIRECTLY.
# yarn lockfile v1


"@types/video.js@*", "@types/video.js@7.3.14":
  version "7.3.14"
  resolved "https://registry.yarnpkg.com/@types/video.js/-/video.js-7.3.14.tgz#ad47f4021afb1d2ea1f32389da06ddb4f4e788f8"
  integrity sha512-8bYfJa1J5+IwAtfB7QiveRrqW7DnZ2yMEDOSkx9MguBP1rluW06S2A13BIrcUKfQSp9iyuGWk8jnsOM+XBfYZg==

"@types/videojs-hotkeys@0.2.0":
  version "0.2.0"
  resolved "https://registry.yarnpkg.com/@types/videojs-hotkeys/-/videojs-hotkeys-0.2.0.tgz#c5692f61ee5ed08ba3ae597accad38daa614195b"
  integrity sha512-FmuIGrx7jAFvqZWdqVkGZu7dpnov75GBy9uYd328PW2dDmTHEPy4Jdc+ZQN5ewU3/VC8PZ2SYWWc6gL2UYvRRg==
  dependencies:
    "@types/video.js" "*"

typescript@4.2.2:
  version "4.2.2"
  resolved "https://registry.yarnpkg.com/typescript/-/typescript-4.2.2.tgz#1450f020618f872db0ea17317d16d8da8ddb8c4c"
  integrity sha512-tbb+NVrLfnsJy3M59lsDgrzWIflR4d4TIUjz+heUnHZwdF7YsrMTKoRERiIvI2lvBG95dfpLxB21WZhys1bgaQ==
